
Microsoft Visual Studio Solution File, Format Version 12.00
# Visual Studio Version 17
VisualStudioVersion = 17.11.35312.102
MinimumVisualStudioVersion = 10.0.40219.1
Project("{FAE04EC0-301F-11D3-BF4B-00C04F79EFBC}") = "GstartApp", "GstartApp.csproj", "{0AE135E9-CEB8-463A-A905-905C4FE4548D}"
EndProject
Global
	GlobalSection(SolutionConfigurationPlatforms) = preSolution
		Debug|Any CPU = Debug|Any CPU
		Release|Any CPU = Release|Any CPU
	EndGlobalSection
	GlobalSection(ProjectConfigurationPlatforms) = postSolution
		{0AE135E9-CEB8-463A-A905-905C4FE4548D}.Debug|Any CPU.ActiveCfg = Debug|Any CPU
		{0AE135E9-CEB8-463A-A905-905C4FE4548D}.Debug|Any CPU.Build.0 = Debug|Any CPU
		{0AE135E9-CEB8-463A-A905-905C4FE4548D}.Release|Any CPU.ActiveCfg = Release|Any CPU
		{0AE135E9-CEB8-463A-A905-905C4FE4548D}.Release|Any CPU.Build.0 = Release|Any CPU
	EndGlobalSection
	GlobalSection(SolutionProperties) = preSolution
		HideSolutionNode = FALSE
	EndGlobalSection
	GlobalSection(ExtensibilityGlobals) = postSolution
		SolutionGuid = {3AB1322B-D06D-412D-823C-2EE24764F498}
	EndGlobalSection
EndGlobal
